Microsoft Visual Studio Solution File, Format Version 12.00
# Visual Studio Version 17
VisualStudioVersion = 17.5.2.0
MinimumVisualStudioVersion = 10.0.40219.1
Project("{FAE04EC0-301F-11D3-BF4B-00C04F79EFBC}") = "OptimalyBlueprint", "OptimalyBlueprint\OptimalyBlueprint.csproj", "{911978CE-A927-4A43-0B7A-4BF83EB919A0}"
EndProject
Global
	GlobalSection(SolutionConfigurationPlatforms) = preSolution
		Debug|Any CPU = Debug|Any CPU
		Release|Any CPU = Release|Any CPU
	EndGlobalSection
	GlobalSection(ProjectConfigurationPlatforms) = postSolution
		{911978CE-A927-4A43-0B7A-4BF83EB919A0}.Debug|Any CPU.ActiveCfg = Debug|Any CPU
		{911978CE-A927-4A43-0B7A-4BF83EB919A0}.Debug|Any CPU.Build.0 = Debug|Any CPU
		{911978CE-A927-4A43-0B7A-4BF83EB919A0}.Release|Any CPU.ActiveCfg = Release|Any CPU
		{911978CE-A927-4A43-0B7A-4BF83EB919A0}.Release|Any CPU.Build.0 = Release|Any CPU
	EndGlobalSection
	GlobalSection(SolutionProperties) = preSolution
		HideSolutionNode = FALSE
	EndGlobalSection
	GlobalSection(ExtensibilityGlobals) = postSolution
		SolutionGuid = {10CF63D0-ADC4-4A09-8B43-319E0CB11610}
	EndGlobalSection
EndGlobal
